{
  "name": "learn-server",
  "version": "1.0.0",
  "lockfileVersion": 2,
  "requires": true,
  "packages": {
    "": {
      "name": "learn-server",
      "version": "1.0.0",
      "license": "ISC",
      "dependencies": {
        "node-json-db": "^2.1.4"
      }
    },
    "node_modules/node-json-db": {
      "version": "2.1.4",
      "resolved": "https://registry.npmjs.org/node-json-db/-/node-json-db-2.1.4.tgz",
      "integrity": "sha512-gLPX6scW/vaVPcf+y6gMWZaSAJeNPe1LeuHQVkDfEZDcO4b/Z2yh6lVh6SXheGKz9WfGDVCtgTrfF8h4C8s7kA==",
      "dependencies": {
        "rwlock": "^5.0.0"
      }
    },
    "node_modules/rwlock": {
      "version": "5.0.0",
      "resolved": "https://registry.npmjs.org/rwlock/-/rwlock-5.0.0.tgz",
      "integrity": "sha512-XgzRqLMfCcm9QfZuPav9cV3Xin5TRcIlp4X/SH3CvB+x5D2AakdlEepfJKDd8ByncvfpcxNWdRZVUl38PS6ZJg=="
    }
  },
  "dependencies": {
    "node-json-db": {
      "version": "2.1.4",
      "resolved": "https://registry.npmjs.org/node-json-db/-/node-json-db-2.1.4.tgz",
      "integrity": "sha512-gLPX6scW/vaVPcf+y6gMWZaSAJeNPe1LeuHQVkDfEZDcO4b/Z2yh6lVh6SXheGKz9WfGDVCtgTrfF8h4C8s7kA==",
      "requires": {
        "rwlock": "^5.0.0"
      }
    },
    "rwlock": {
      "version": "5.0.0",
      "resolved": "https://registry.npmjs.org/rwlock/-/rwlock-5.0.0.tgz",
      "integrity": "sha512-XgzRqLMfCcm9QfZuPav9cV3Xin5TRcIlp4X/SH3CvB+x5D2AakdlEepfJKDd8ByncvfpcxNWdRZVUl38PS6ZJg=="
    }
  }
}
